{
  "version": 4,
  "terraform_version": "1.9.4",
  "serial": 9,
  "lineage": "ca084383-7b5a-a186-d1c2-68927dc8186f",
  "outputs": {
    "PrivateIP": {
      "value": "172.31.14.177",
      "type": "string"
    },
    "PublicIP": {
      "value": "3.142.252.142",
      "type": "string"
    }
  },
  "resources": [
    {
      "mode": "managed",
      "type": "aws_instance",
      "name": "ex04-inst",
      "provider": "provider[\"registry.terraform.io/hashicorp/aws\"]",
      "instances": [
        {
          "schema_version": 1,
          "attributes": {
            "ami": "ami-05c3dc660cb6907f0",
            "arn": "arn:aws:ec2:us-east-2:211125517912:instance/i-0b16d077ff2b52b25",
            "associate_public_ip_address": true,
            "availability_zone": "us-east-2a",
            "capacity_reservation_specification": [
              {
                "capacity_reservation_preference": "open",
                "capacity_reservation_target": []
              }
            ],
            "cpu_core_count": 1,
            "cpu_options": [
              {
                "amd_sev_snp": "",
                "core_count": 1,
                "threads_per_core": 1
              }
            ],
            "cpu_threads_per_core": 1,
            "credit_specification": [
              {
                "cpu_credits": "standard"
              }
            ],
            "disable_api_stop": false,
            "disable_api_termination": false,
            "ebs_block_device": [],
            "ebs_optimized": false,
            "enclave_options": [
              {
                "enabled": false
              }
            ],
            "ephemeral_block_device": [],
            "get_password_data": false,
            "hibernation": false,
            "host_id": "",
            "host_resource_group_arn": null,
            "iam_instance_profile": "",
            "id": "i-0b16d077ff2b52b25",
            "instance_initiated_shutdown_behavior": "stop",
            "instance_lifecycle": "",
            "instance_market_options": [],
            "instance_state": "running",
            "instance_type": "t2.micro",
            "ipv6_address_count": 0,
            "ipv6_addresses": [],
            "key_name": "dovekey",
            "launch_template": [],
            "maintenance_options": [
              {
                "auto_recovery": "default"
              }
            ],
            "metadata_options": [
              {
                "http_endpoint": "enabled",
                "http_protocol_ipv6": "disabled",
                "http_put_response_hop_limit": 2,
                "http_tokens": "required",
                "instance_metadata_tags": "disabled"
              }
            ],
            "monitoring": false,
            "network_interface": [],
            "outpost_arn": "",
            "password_data": "",
            "placement_group": "",
            "placement_partition_number": 0,
            "primary_network_interface_id": "eni-05c3f04192a93a4bd",
            "private_dns": "ip-172-31-14-177.us-east-2.compute.internal",
            "private_dns_name_options": [
              {
                "enable_resource_name_dns_a_record": false,
                "enable_resource_name_dns_aaaa_record": false,
                "hostname_type": "ip-name"
              }
            ],
            "private_ip": "172.31.14.177",
            "public_dns": "ec2-3-142-252-142.us-east-2.compute.amazonaws.com",
            "public_ip": "3.142.252.142",
            "root_block_device": [
              {
                "delete_on_termination": true,
                "device_name": "/dev/xvda",
                "encrypted": false,
                "iops": 3000,
                "kms_key_id": "",
                "tags": {},
                "tags_all": {},
                "throughput": 125,
                "volume_id": "vol-013902ad2cf31d0ea",
                "volume_size": 8,
                "volume_type": "gp3"
              }
            ],
            "secondary_private_ips": [],
            "security_groups": [
              "default"
            ],
            "source_dest_check": true,
            "spot_instance_request_id": "",
            "subnet_id": "subnet-0ab0a72a5e967d2eb",
            "tags": {
              "Name": "Exercise03-Instance",
              "Project": "TerraformTutorial"
            },
            "tags_all": {
              "Name": "Exercise03-Instance",
              "Project": "TerraformTutorial"
            },
            "tenancy": "default",
            "timeouts": null,
            "user_data": null,
            "user_data_base64": null,
            "user_data_replace_on_change": false,
            "volume_tags": null,
            "vpc_security_group_ids": [
              "sg-020c98cc025bcabd9"
            ]
          },
          "sensitive_attributes": [],
          "private": "eyJlMmJmYjczMC1lY2FhLTExZTYtOGY4OC0zNDM2M2JjN2M0YzAiOnsiY3JlYXRlIjo2MDAwMDAwMDAwMDAsImRlbGV0ZSI6MTIwMDAwMDAwMDAwMCwicmVhZCI6OTAwMDAwMDAwMDAwLCJ1cGRhdGUiOjYwMDAwMDAwMDAwMH0sInNjaGVtYV92ZXJzaW9uIjoiMSJ9",
          "dependencies": [
            "aws_key_pair.dove-key"
          ]
        }
      ]
    },
    {
      "mode": "managed",
      "type": "aws_key_pair",
      "name": "dove-key",
      "provider": "provider[\"registry.terraform.io/hashicorp/aws\"]",
      "instances": [
        {
          "schema_version": 1,
          "attributes": {
            "arn": "arn:aws:ec2:us-east-2:211125517912:key-pair/dovekey",
            "fingerprint": "ec:44:fa:51:92:b3:62:e3:0d:af:d6:0b:62:56:96:13",
            "id": "dovekey",
            "key_name": "dovekey",
            "key_name_prefix": "",
            "key_pair_id": "key-01147d2834e20a0d8",
            "key_type": "rsa",
            "public_key": "ssh-rsa AAAAB3NzaC1yc2EAAAADAQABAAABgQDUuHbE2WKUTAauR6rX0h2DNCCs8V4yBao/GchiN8cFqP/Sy1SE8yoe9tjHkMIcZ3lYGv0q71fpXy/R8Uqm5sConl8n7QUcqUTe4DOuNM/8sBELqnBzwXEWToksE9gCExV/sRxA0tPXHLhbTknwkFp6j5xNoDROM9sPEjJ9D0XJJp6ljLiy+R/5Q4OzkhoGjPrftMUg4PanLQQfDYi+muMl3bt0xC7HkYKTY6Qa/UasISH1EOk30pCbTC9b8nbJWOzjxiFQKPPFtaxxiknGR50Fzj5bzZbaF6toqG2/BF1zMwsz49XeokT79Km3OPgWYSy6T91EQ1dQlgCNOwTZbh5I49MSaIsYOIsBsXoqGVliwrqPv9s8AMKhzveIh67eh74fWOVCUKGb2XdQjEDAr99OK8gmtQU/aNR7PQSJgU7Fq//N/Flr4b169jm2TGwOn0MkYgeAeSdIOIGtsWcBLUA5Br0RwnfmyQQaEJFeOaIRU+FZbQS+HkINA52zUvTSsWs= vagrant@terraform",
            "tags": null,
            "tags_all": {}
          },
          "sensitive_attributes": [],
          "private": "eyJzY2hlbWFfdmVyc2lvbiI6IjEifQ=="
        }
      ]
    }
  ],
  "check_results": null
}
